
Microsoft Visual Studio Solution File, Format Version 12.00
# Visual Studio Version 16
VisualStudioVersion = 16.0.29728.190
MinimumVisualStudioVersion = 10.0.40219.1
Project("{FAE04EC0-301F-11D3-BF4B-00C04F79EFBC}") = "L", "L.csproj", "{D0B92975-B3C1-410D-B93F-6556384BBD7B}"
EndProject
Global
	GlobalSection(SolutionConfigurationPlatforms) = preSolution
		Debug|Any CPU = Debug|Any CPU
		Release|Any CPU = Release|Any CPU
	EndGlobalSection
	GlobalSection(ProjectConfigurationPlatforms) = postSolution
		{D0B92975-B3C1-410D-B93F-6556384BBD7B}.Debug|Any CPU.ActiveCfg = Debug|Any CPU
		{D0B92975-B3C1-410D-B93F-6556384BBD7B}.Debug|Any CPU.Build.0 = Debug|Any CPU
		{D0B92975-B3C1-410D-B93F-6556384BBD7B}.Release|Any CPU.ActiveCfg = Release|Any CPU
		{D0B92975-B3C1-410D-B93F-6556384BBD7B}.Release|Any CPU.Build.0 = Release|Any CPU
	EndGlobalSection
	GlobalSection(SolutionProperties) = preSolution
		HideSolutionNode = FALSE
	EndGlobalSection
	GlobalSection(ExtensibilityGlobals) = postSolution
		SolutionGuid = {AC8B5878-08D1-4A0E-BC3C-428D179D043C}
	EndGlobalSection
EndGlobal
